
Microsoft Visual Studio Solution File, Format Version 12.00
# Visual Studio Version 16
VisualStudioVersion = 16.0.32228.343
MinimumVisualStudioVersion = 10.0.40219.1
Project("{FAE04EC0-301F-11D3-BF4B-00C04F79EFBC}") = "Ch10CardLib", "Ch10CardLib.csproj", "{960F6EBE-56F3-4607-AB0F-4E0D25B3A594}"
EndProject
Project("{FAE04EC0-301F-11D3-BF4B-00C04F79EFBC}") = "Ch10CardClient", "..\Ch10CardClient\Ch10CardClient.csproj", "{0CC09AA0-AFF4-4444-ACAE-7D495414CC83}"
EndProject
Global
	GlobalSection(SolutionConfigurationPlatforms) = preSolution
		Debug|Any CPU = Debug|Any CPU
		Release|Any CPU = Release|Any CPU
	EndGlobalSection
	GlobalSection(ProjectConfigurationPlatforms) = postSolution
		{960F6EBE-56F3-4607-AB0F-4E0D25B3A594}.Debug|Any CPU.ActiveCfg = Debug|Any CPU
		{960F6EBE-56F3-4607-AB0F-4E0D25B3A594}.Debug|Any CPU.Build.0 = Debug|Any CPU
		{960F6EBE-56F3-4607-AB0F-4E0D25B3A594}.Release|Any CPU.ActiveCfg = Release|Any CPU
		{960F6EBE-56F3-4607-AB0F-4E0D25B3A594}.Release|Any CPU.Build.0 = Release|Any CPU
		{0CC09AA0-AFF4-4444-ACAE-7D495414CC83}.Debug|Any CPU.ActiveCfg = Debug|Any CPU
		{0CC09AA0-AFF4-4444-ACAE-7D495414CC83}.Debug|Any CPU.Build.0 = Debug|Any CPU
		{0CC09AA0-AFF4-4444-ACAE-7D495414CC83}.Release|Any CPU.ActiveCfg = Release|Any CPU
		{0CC09AA0-AFF4-4444-ACAE-7D495414CC83}.Release|Any CPU.Build.0 = Release|Any CPU
	EndGlobalSection
	GlobalSection(SolutionProperties) = preSolution
		HideSolutionNode = FALSE
	EndGlobalSection
	GlobalSection(ExtensibilityGlobals) = postSolution
		SolutionGuid = {ED57EA49-40C8-4CC6-B162-E678970FCCF6}
	EndGlobalSection
EndGlobal
