
Microsoft Visual Studio Solution File, Format Version 12.00
# Visual Studio Version 16
VisualStudioVersion = 16.0.32228.343
MinimumVisualStudioVersion = 10.0.40219.1
Project("{FAE04EC0-301F-11D3-BF4B-00C04F79EFBC}") = "KaliCards.Gui", "KaliCards.Gui\KaliCards.Gui.csproj", "{47ACE1AF-053B-4844-A563-81323A9A8269}"
EndProject
Global
	GlobalSection(SolutionConfigurationPlatforms) = preSolution
		Debug|Any CPU = Debug|Any CPU
		Release|Any CPU = Release|Any CPU
	EndGlobalSection
	GlobalSection(ProjectConfigurationPlatforms) = postSolution
		{47ACE1AF-053B-4844-A563-81323A9A8269}.Debug|Any CPU.ActiveCfg = Debug|Any CPU
		{47ACE1AF-053B-4844-A563-81323A9A8269}.Debug|Any CPU.Build.0 = Debug|Any CPU
		{47ACE1AF-053B-4844-A563-81323A9A8269}.Release|Any CPU.ActiveCfg = Release|Any CPU
		{47ACE1AF-053B-4844-A563-81323A9A8269}.Release|Any CPU.Build.0 = Release|Any CPU
	EndGlobalSection
	GlobalSection(SolutionProperties) = preSolution
		HideSolutionNode = FALSE
	EndGlobalSection
	GlobalSection(ExtensibilityGlobals) = postSolution
		SolutionGuid = {E1585FE2-106C-42AA-A306-D2653B2AB66E}
	EndGlobalSection
EndGlobal
